// !$*UTF8*$!
{
	archiveVersion = 1;
	classes = {
	};
	objectVersion = 56;
	objects = {

/* Begin PBXBuildFile section */
		120B92FF2B4C9C2B0064C767 /* ScreenA.swift in Sources */ = {isa = PBXBuildFile; fileRef = 120B92FE2B4C9C2B0064C767 /* ScreenA.swift */; };
		120B93012B4C9C400064C767 /* ScreenB.swift in Sources */ = {isa = PBXBuildFile; fileRef = 120B93002B4C9C400064C767 /* ScreenB.swift */; };
		120B93032B4C9C560064C767 /* ScreenC.swift in Sources */ = {isa = PBXBuildFile; fileRef = 120B93022B4C9C560064C767 /* ScreenC.swift */; };
		12E9D6A42B4812EE000B8333 /* DemoObservabilityApp.swift in Sources */ = {isa = PBXBuildFile; fileRef = 12E9D6A32B4812EE000B8333 /* DemoObservabilityApp.swift */; };
		12E9D6A62B4812EE000B8333 /* ContentView.swift in Sources */ = {isa = PBXBuildFile; fileRef = 12E9D6A52B4812EE000B8333 /* ContentView.swift */; };
		12E9D6A82B4812EF000B8333 /* Assets.xcassets in Resources */ = {isa = PBXBuildFile; fileRef = 12E9D6A72B4812EF000B8333 /* Assets.xcassets */; };
		12E9D6AB2B4812EF000B8333 /* Preview Assets.xcassets in Resources */ = {isa = PBXBuildFile; fileRef = 12E9D6AA2B4812EF000B8333 /* Preview Assets.xcassets */; };
		12E9D6B22B4841D0000B8333 /* CartComponent.swift in Sources */ = {isa = PBXBuildFile; fileRef = 12E9D6B12B4841D0000B8333 /* CartComponent.swift */; };
/* End PBXBuildFile section */

/* Begin PBXFileReference section */
		120B92FE2B4C9C2B0064C767 /* ScreenA.swift */ = {isa = PBXFileReference; lastKnownFileType = sourcecode.swift; path = ScreenA.swift; sourceTree = "<group>"; };
		120B93002B4C9C400064C767 /* ScreenB.swift */ = {isa = PBXFileReference; lastKnownFileType = sourcecode.swift; path = ScreenB.swift; sourceTree = "<group>"; };
		120B93022B4C9C560064C767 /* ScreenC.swift */ = {isa = PBXFileReference; lastKnownFileType = sourcecode.swift; path = ScreenC.swift; sourceTree = "<group>"; };
		12E9D6A02B4812EE000B8333 /* DemoObservability.app */ = {isa = PBXFileReference; explicitFileType = wrapper.application; includeInIndex = 0; path = DemoObservability.app; sourceTree = BUILT_PRODUCTS_DIR; };
		12E9D6A32B4812EE000B8333 /* DemoObservabilityApp.swift */ = {isa = PBXFileReference; lastKnownFileType = sourcecode.swift; path = DemoObservabilityApp.swift; sourceTree = "<group>"; };
		12E9D6A52B4812EE000B8333 /* ContentView.swift */ = {isa = PBXFileReference; lastKnownFileType = sourcecode.swift; path = ContentView.swift; sourceTree = "<group>"; };
		12E9D6A72B4812EF000B8333 /* Assets.xcassets */ = {isa = PBXFileReference; lastKnownFileType = folder.assetcatalog; path = Assets.xcassets; sourceTree = "<group>"; };
		12E9D6AA2B4812EF000B8333 /* Preview Assets.xcassets */ = {isa = PBXFileReference; lastKnownFileType = folder.assetcatalog; path = "Preview Assets.xcassets"; sourceTree = "<group>"; };
		12E9D6B12B4841D0000B8333 /* CartComponent.swift */ = {isa = PBXFileReference; lastKnownFileType = sourcecode.swift; path = CartComponent.swift; sourceTree = "<group>"; };
/* End PBXFileReference section */

/* Begin PBXFrameworksBuildPhase section */
		12E9D69D2B4812EE000B8333 /* Frameworks */ = {
			isa = PBXFrameworksBuildPhase;
			buildActionMask = 2147483647;
			files = (
			);
			runOnlyForDeploymentPostprocessing = 0;
		};
/* End PBXFrameworksBuildPhase section */

/* Begin PBXGroup section */
		12E9D6972B4812EE000B8333 = {
			isa = PBXGroup;
			children = (
				12E9D6A22B4812EE000B8333 /* DemoObservability */,
				12E9D6A12B4812EE000B8333 /* Products */,
			);
			sourceTree = "<group>";
		};
		12E9D6A12B4812EE000B8333 /* Products */ = {
			isa = PBXGroup;
			children = (
				12E9D6A02B4812EE000B8333 /* DemoObservability.app */,
			);
			name = Products;
			sourceTree = "<group>";
		};
		12E9D6A22B4812EE000B8333 /* DemoObservability */ = {
			isa = PBXGroup;
			children = (
				12E9D6A32B4812EE000B8333 /* DemoObservabilityApp.swift */,
				12E9D6A52B4812EE000B8333 /* ContentView.swift */,
				12E9D6B12B4841D0000B8333 /* CartComponent.swift */,
				120B92FE2B4C9C2B0064C767 /* ScreenA.swift */,
				120B93002B4C9C400064C767 /* ScreenB.swift */,
				120B93022B4C9C560064C767 /* ScreenC.swift */,
				12E9D6A72B4812EF000B8333 /* Assets.xcassets */,
				12E9D6A92B4812EF000B8333 /* Preview Content */,
			);
			path = DemoObservability;
			sourceTree = "<group>";
		};
		12E9D6A92B4812EF000B8333 /* Preview Content */ = {
			isa = PBXGroup;
			children = (
				12E9D6AA2B4812EF000B8333 /* Preview Assets.xcassets */,
			);
			path = "Preview Content";
			sourceTree = "<group>";
		};
/* End PBXGroup section */

/* Begin PBXNativeTarget section */
		12E9D69F2B4812EE000B8333 /* DemoObservability */ = {
			isa = PBXNativeTarget;
			buildConfigurationList = 12E9D6AE2B4812EF000B8333 /* Build configuration list for PBXNativeTarget "DemoObservability" */;
			buildPhases = (
				12E9D69C2B4812EE000B8333 /* Sources */,
				12E9D69D2B4812EE000B8333 /* Frameworks */,
				12E9D69E2B4812EE000B8333 /* Resources */,
			);
			buildRules = (
			);
			dependencies = (
			);
			name = DemoObservability;
			productName = DemoObservability;
			productReference = 12E9D6A02B4812EE000B8333 /* DemoObservability.app */;
			productType = "com.apple.product-type.application";
		};
/* End PBXNativeTarget section */

/* Begin PBXProject section */
		12E9D6982B4812EE000B8333 /* Project object */ = {
			isa = PBXProject;
			attributes = {
				BuildIndependentTargetsInParallel = 1;
				LastSwiftUpdateCheck = 1500;
				LastUpgradeCheck = 1500;
				TargetAttributes = {
					12E9D69F2B4812EE000B8333 = {
						CreatedOnToolsVersion = 15.0;
					};
				};
			};
			buildConfigurationList = 12E9D69B2B4812EE000B8333 /* Build configuration list for PBXProject "DemoObservability" */;
			compatibilityVersion = "Xcode 14.0";
			developmentRegion = en;
			hasScannedForEncodings = 0;
			knownRegions = (
				en,
				Base,
			);
			mainGroup = 12E9D6972B4812EE000B8333;
			productRefGroup = 12E9D6A12B4812EE000B8333 /* Products */;
			projectDirPath = "";
			projectRoot = "";
			targets = (
				12E9D69F2B4812EE000B8333 /* DemoObservability */,
			);
		};
/* End PBXProject section */

/* Begin PBXResourcesBuildPhase section */
		12E9D69E2B4812EE000B8333 /* Resources */ = {
			isa = PBXResourcesBuildPhase;
			buildActionMask = 2147483647;
			files = (
				12E9D6AB2B4812EF000B8333 /* Preview Assets.xcassets in Resources */,
				12E9D6A82B4812EF000B8333 /* Assets.xcassets in Resources */,
			);
			runOnlyForDeploymentPostprocessing = 0;
		};
/* End PBXResourcesBuildPhase section */

/* Begin PBXSourcesBuildPhase section */
		12E9D69C2B4812EE000B8333 /* Sources */ = {
			isa = PBXSourcesBuildPhase;
			buildActionMask = 2147483647;
			files = (
				12E9D6A62B4812EE000B8333 /* ContentView.swift in Sources */,
				120B93012B4C9C400064C767 /* ScreenB.swift in Sources */,
				120B92FF2B4C9C2B0064C767 /* ScreenA.swift in Sources */,
				120B93032B4C9C560064C767 /* ScreenC.swift in Sources */,
				12E9D6A42B4812EE000B8333 /* DemoObservabilityApp.swift in Sources */,
				12E9D6B22B4841D0000B8333 /* CartComponent.swift in Sources */,
			);
			runOnlyForDeploymentPostprocessing = 0;
		};
/* End PBXSourcesBuildPhase section */

/* Begin XCBuildConfiguration section */
		12E9D6AC2B4812EF000B8333 /* Debug */ = {
			isa = XCBuildConfiguration;
			buildSettings = {
				ALWAYS_SEARCH_USER_PATHS = NO;
				ASSETCATALOG_COMPILER_GENERATE_SWIFT_ASSET_SYMBOL_EXTENSIONS = YES;
				CLANG_ANALYZER_NONNULL = YES;
				CLANG_ANALYZER_NUMBER_OBJECT_CONVERSION = YES_AGGRESSIVE;
				CLANG_CXX_LANGUAGE_STANDARD = "gnu++20";
				CLANG_ENABLE_MODULES = YES;
				CLANG_ENABLE_OBJC_ARC = YES;
				CLANG_ENABLE_OBJC_WEAK = YES;
				CLANG_WARN_BLOCK_CAPTURE_AUTORELEASING = YES;
				CLANG_WARN_BOOL_CONVERSION = YES;
				CLANG_WARN_COMMA = YES;
				CLANG_WARN_CONSTANT_CONVERSION = YES;
				CLANG_WARN_DEPRECATED_OBJC_IMPLEMENTATIONS = YES;
				CLANG_WARN_DIRECT_OBJC_ISA_USAGE = YES_ERROR;
				CLANG_WARN_DOCUMENTATION_COMMENTS = YES;
				CLANG_WARN_EMPTY_BODY = YES;
				CLANG_WARN_ENUM_CONVERSION = YES;
				CLANG_WARN_INFINITE_RECURSION = YES;
				CLANG_WARN_INT_CONVERSION = YES;
				CLANG_WARN_NON_LITERAL_NULL_CONVERSION = YES;
				CLANG_WARN_OBJC_IMPLICIT_RETAIN_SELF = YES;
				CLANG_WARN_OBJC_LITERAL_CONVERSION = YES;
				CLANG_WARN_OBJC_ROOT_CLASS = YES_ERROR;
				CLANG_WARN_QUOTED_INCLUDE_IN_FRAMEWORK_HEADER = YES;
				CLANG_WARN_RANGE_LOOP_ANALYSIS = YES;
				CLANG_WARN_STRICT_PROTOTYPES = YES;
				CLANG_WARN_SUSPICIOUS_MOVE = YES;
				CLANG_WARN_UNGUARDED_AVAILABILITY = YES_AGGRESSIVE;
				CLANG_WARN_UNREACHABLE_CODE = YES;
				CLANG_WARN__DUPLICATE_METHOD_MATCH = YES;
				COPY_PHASE_STRIP = NO;
				DEBUG_INFORMATION_FORMAT = dwarf;
				ENABLE_STRICT_OBJC_MSGSEND = YES;
				ENABLE_TESTABILITY = YES;
				ENABLE_USER_SCRIPT_SANDBOXING = YES;
				GCC_C_LANGUAGE_STANDARD = gnu17;
				GCC_DYNAMIC_NO_PIC = NO;
				GCC_NO_COMMON_BLOCKS = YES;
				GCC_OPTIMIZATION_LEVEL = 0;
				GCC_PREPROCESSOR_DEFINITIONS = (
					"DEBUG=1",
					"$(inherited)",
				);
				GCC_WARN_64_TO_32_BIT_CONVERSION = YES;
				GCC_WARN_ABOUT_RETURN_TYPE = YES_ERROR;
				GCC_WARN_UNDECLARED_SELECTOR = YES;
				GCC_WARN_UNINITIALIZED_AUTOS = YES_AGGRESSIVE;
				GCC_WARN_UNUSED_FUNCTION = YES;
				GCC_WARN_UNUSED_VARIABLE = YES;
				IPHONEOS_DEPLOYMENT_TARGET = 17.0;
				LOCALIZATION_PREFERS_STRING_CATALOGS = YES;
				MTL_ENABLE_DEBUG_INFO = INCLUDE_SOURCE;
				MTL_FAST_MATH = YES;
				ONLY_ACTIVE_ARCH = YES;
				SDKROOT = iphoneos;
				SWIFT_ACTIVE_COMPILATION_CONDITIONS = "DEBUG $(inherited)";
				SWIFT_OPTIMIZATION_LEVEL = "-Onone";
			};
			name = Debug;
		};
		12E9D6AD2B4812EF000B8333 /* Release */ = {
			isa = XCBuildConfiguration;
			buildSettings = {
				ALWAYS_SEARCH_USER_PATHS = NO;
				ASSETCATALOG_COMPILER_GENERATE_SWIFT_ASSET_SYMBOL_EXTENSIONS = YES;
				CLANG_ANALYZER_NONNULL = YES;
				CLANG_ANALYZER_NUMBER_OBJECT_CONVERSION = YES_AGGRESSIVE;
				CLANG_CXX_LANGUAGE_STANDARD = "gnu++20";
				CLANG_ENABLE_MODULES = YES;
				CLANG_ENABLE_OBJC_ARC = YES;
				CLANG_ENABLE_OBJC_WEAK = YES;
				CLANG_WARN_BLOCK_CAPTURE_AUTORELEASING = YES;
				CLANG_WARN_BOOL_CONVERSION = YES;
				CLANG_WARN_COMMA = YES;
				CLANG_WARN_CONSTANT_CONVERSION = YES;
				CLANG_WARN_DEPRECATED_OBJC_IMPLEMENTATIONS = YES;
				CLANG_WARN_DIRECT_OBJC_ISA_USAGE = YES_ERROR;
				CLANG_WARN_DOCUMENTATION_COMMENTS = YES;
				CLANG_WARN_EMPTY_BODY = YES;
				CLANG_WARN_ENUM_CONVERSION = YES;
				CLANG_WARN_INFINITE_RECURSION = YES;
				CLANG_WARN_INT_CONVERSION = YES;
				CLANG_WARN_NON_LITERAL_NULL_CONVERSION = YES;
				CLANG_WARN_OBJC_IMPLICIT_RETAIN_SELF = YES;
				CLANG_WARN_OBJC_LITERAL_CONVERSION = YES;
				CLANG_WARN_OBJC_ROOT_CLASS = YES_ERROR;
				CLANG_WARN_QUOTED_INCLUDE_IN_FRAMEWORK_HEADER = YES;
				CLANG_WARN_RANGE_LOOP_ANALYSIS = YES;
				CLANG_WARN_STRICT_PROTOTYPES = YES;
				CLANG_WARN_SUSPICIOUS_MOVE = YES;
				CLANG_WARN_UNGUARDED_AVAILABILITY = YES_AGGRESSIVE;
				CLANG_WARN_UNREACHABLE_CODE = YES;
				CLANG_WARN__DUPLICATE_METHOD_MATCH = YES;
				COPY_PHASE_STRIP = NO;
				DEBUG_INFORMATION_FORMAT = "dwarf-with-dsym";
				ENABLE_NS_ASSERTIONS = NO;
				ENABLE_STRICT_OBJC_MSGSEND = YES;
				ENABLE_USER_SCRIPT_SANDBOXING = YES;
				GCC_C_LANGUAGE_STANDARD = gnu17;
				GCC_NO_COMMON_BLOCKS = YES;
				GCC_WARN_64_TO_32_BIT_CONVERSION = YES;
				GCC_WARN_ABOUT_RETURN_TYPE = YES_ERROR;
				GCC_WARN_UNDECLARED_SELECTOR = YES;
				GCC_WARN_UNINITIALIZED_AUTOS = YES_AGGRESSIVE;
				GCC_WARN_UNUSED_FUNCTION = YES;
				GCC_WARN_UNUSED_VARIABLE = YES;
				IPHONEOS_DEPLOYMENT_TARGET = 17.0;
				LOCALIZATION_PREFERS_STRING_CATALOGS = YES;
				MTL_ENABLE_DEBUG_INFO = NO;
				MTL_FAST_MATH = YES;
				SDKROOT = iphoneos;
				SWIFT_COMPILATION_MODE = wholemodule;
				VALIDATE_PRODUCT = YES;
			};
			name = Release;
		};
		12E9D6AF2B4812EF000B8333 /* Debug */ = {
			isa = XCBuildConfiguration;
			buildSettings = {
				ASSETCATALOG_COMPILER_APPICON_NAME = AppIcon;
				ASSETCATALOG_COMPILER_GLOBAL_ACCENT_COLOR_NAME = AccentColor;
				CODE_SIGN_STYLE = Automatic;
				CURRENT_PROJECT_VERSION = 1;
				DEVELOPMENT_ASSET_PATHS = "\"DemoObservability/Preview Content\"";
				DEVELOPMENT_TEAM = 4CD53PWFSV;
				ENABLE_PREVIEWS = YES;
				GENERATE_INFOPLIST_FILE = YES;
				INFOPLIST_KEY_UIApplicationSceneManifest_Generation = YES;
				INFOPLIST_KEY_UIApplicationSupportsIndirectInputEvents = YES;
				INFOPLIST_KEY_UILaunchScreen_Generation = YES;
				INFOPLIST_KEY_UISupportedInterfaceOrientations_iPad = "UIInterfaceOrientationPortrait UIInterfaceOrientationPortraitUpsideDown UIInterfaceOrientationLandscapeLeft UIInterfaceOrientationLandscapeRight";
				INFOPLIST_KEY_UISupportedInterfaceOrientations_iPhone = "UIInterfaceOrientationPortrait UIInterfaceOrientationLandscapeLeft UIInterfaceOrientationLandscapeRight";
				LD_RUNPATH_SEARCH_PATHS = (
					"$(inherited)",
					"@executable_path/Frameworks",
				);
				MARKETING_VERSION = 1.0;
				PRODUCT_BUNDLE_IDENTIFIER = fun.kodiz.DemoObservability;
				PRODUCT_NAME = "$(TARGET_NAME)";
				SWIFT_EMIT_LOC_STRINGS = YES;
				SWIFT_VERSION = 5.0;
				TARGETED_DEVICE_FAMILY = "1,2";
			};
			name = Debug;
		};
		12E9D6B02B4812EF000B8333 /* Release */ = {
			isa = XCBuildConfiguration;
			buildSettings = {
				ASSETCATALOG_COMPILER_APPICON_NAME = AppIcon;
				ASSETCATALOG_COMPILER_GLOBAL_ACCENT_COLOR_NAME = AccentColor;
				CODE_SIGN_STYLE = Automatic;
				CURRENT_PROJECT_VERSION = 1;
				DEVELOPMENT_ASSET_PATHS = "\"DemoObservability/Preview Content\"";
				DEVELOPMENT_TEAM = 4CD53PWFSV;
				ENABLE_PREVIEWS = YES;
				GENERATE_INFOPLIST_FILE = YES;
				INFOPLIST_KEY_UIApplicationSceneManifest_Generation = YES;
				INFOPLIST_KEY_UIApplicationSupportsIndirectInputEvents = YES;
				INFOPLIST_KEY_UILaunchScreen_Generation = YES;
				INFOPLIST_KEY_UISupportedInterfaceOrientations_iPad = "UIInterfaceOrientationPortrait UIInterfaceOrientationPortraitUpsideDown UIInterfaceOrientationLandscapeLeft UIInterfaceOrientationLandscapeRight";
				INFOPLIST_KEY_UISupportedInterfaceOrientations_iPhone = "UIInterfaceOrientationPortrait UIInterfaceOrientationLandscapeLeft UIInterfaceOrientationLandscapeRight";
				LD_RUNPATH_SEARCH_PATHS = (
					"$(inherited)",
					"@executable_path/Frameworks",
				);
				MARKETING_VERSION = 1.0;
				PRODUCT_BUNDLE_IDENTIFIER = fun.kodiz.DemoObservability;
				PRODUCT_NAME = "$(TARGET_NAME)";
				SWIFT_EMIT_LOC_STRINGS = YES;
				SWIFT_VERSION = 5.0;
				TARGETED_DEVICE_FAMILY = "1,2";
			};
			name = Release;
		};
/* End XCBuildConfiguration section */

/* Begin XCConfigurationList section */
		12E9D69B2B4812EE000B8333 /* Build configuration list for PBXProject "DemoObservability" */ = {
			isa = XCConfigurationList;
			buildConfigurations = (
				12E9D6AC2B4812EF000B8333 /* Debug */,
				12E9D6AD2B4812EF000B8333 /* Release */,
			);
			defaultConfigurationIsVisible = 0;
			defaultConfigurationName = Release;
		};
		12E9D6AE2B4812EF000B8333 /* Build configuration list for PBXNativeTarget "DemoObservability" */ = {
			isa = XCConfigurationList;
			buildConfigurations = (
				12E9D6AF2B4812EF000B8333 /* Debug */,
				12E9D6B02B4812EF000B8333 /* Release */,
			);
			defaultConfigurationIsVisible = 0;
			defaultConfigurationName = Release;
		};
/* End XCConfigurationList section */
	};
	rootObject = 12E9D6982B4812EE000B8333 /* Project object */;
}
